
Microsoft Visual Studio Solution File, Format Version 12.00
# Visual Studio Version 16
VisualStudioVersion = 16.0.31205.134
MinimumVisualStudioVersion = 10.0.40219.1
Project("{9A19103F-16F7-4668-BE54-9A1E7A4F7556}") = "Masterplan", "Masterplan\Masterplan.csproj", "{52E5510B-1208-430C-BB60-CDB2B0886BC4}"
EndProject
Project("{9A19103F-16F7-4668-BE54-9A1E7A4F7556}") = "MonsterPorter", "CustomMonsters\MonsterPorter.csproj", "{796057E2-6B3E-45FF-8634-116B5D3D7F6F}"
EndProject
Global
	GlobalSection(SolutionConfigurationPlatforms) = preSolution
		Debug|Any CPU = Debug|Any CPU
		Release|Any CPU = Release|Any CPU
	EndGlobalSection
	GlobalSection(ProjectConfigurationPlatforms) = postSolution
		{52E5510B-1208-430C-BB60-CDB2B0886BC4}.Debug|Any CPU.ActiveCfg = Debug|Any CPU
		{52E5510B-1208-430C-BB60-CDB2B0886BC4}.Debug|Any CPU.Build.0 = Debug|Any CPU
		{52E5510B-1208-430C-BB60-CDB2B0886BC4}.Release|Any CPU.ActiveCfg = Release|Any CPU
		{52E5510B-1208-430C-BB60-CDB2B0886BC4}.Release|Any CPU.Build.0 = Release|Any CPU
		{796057E2-6B3E-45FF-8634-116B5D3D7F6F}.Debug|Any CPU.ActiveCfg = Debug|Any CPU
		{796057E2-6B3E-45FF-8634-116B5D3D7F6F}.Debug|Any CPU.Build.0 = Debug|Any CPU
		{796057E2-6B3E-45FF-8634-116B5D3D7F6F}.Release|Any CPU.ActiveCfg = Release|Any CPU
		{796057E2-6B3E-45FF-8634-116B5D3D7F6F}.Release|Any CPU.Build.0 = Release|Any CPU
	EndGlobalSection
	GlobalSection(SolutionProperties) = preSolution
		HideSolutionNode = FALSE
	EndGlobalSection
	GlobalSection(ExtensibilityGlobals) = postSolution
		SolutionGuid = {A87B3A2F-EFD1-472A-B17F-78B181D4B163}
	EndGlobalSection
EndGlobal
